
Microsoft Visual Studio Solution File, Format Version 12.00
# Visual Studio Version 16
VisualStudioVersion = 16.0.29319.158
MinimumVisualStudioVersion = 10.0.40219.1
Project("{9A19103F-16F7-4668-BE54-9A1E7A4F7556}") = "StickyNet", "StickyNet\StickyNet.csproj", "{9CC18D3A-82C8-428E-B408-DE84BC07220A}"
EndProject
Project("{FAE04EC0-301F-11D3-BF4B-00C04F79EFBC}") = "StickyNet.Listener", "StickyNet.Listener\StickyNet.Listener.csproj", "{A0877891-00FD-49C9-8C74-BD167C78CED9}"
EndProject
Project("{FAE04EC0-301F-11D3-BF4B-00C04F79EFBC}") = "StickyNet.Controller", "StickyNet.Controller\StickyNet.Controller.csproj", "{77FD8D72-6DC5-49E0-ADA7-96C2552D292D}"
EndProject
Global
	GlobalSection(SolutionConfigurationPlatforms) = preSolution
		Debug|Any CPU = Debug|Any CPU
		Release|Any CPU = Release|Any CPU
	EndGlobalSection
	GlobalSection(ProjectConfigurationPlatforms) = postSolution
		{9CC18D3A-82C8-428E-B408-DE84BC07220A}.Debug|Any CPU.ActiveCfg = Debug|Any CPU
		{9CC18D3A-82C8-428E-B408-DE84BC07220A}.Debug|Any CPU.Build.0 = Debug|Any CPU
		{9CC18D3A-82C8-428E-B408-DE84BC07220A}.Release|Any CPU.ActiveCfg = Release|Any CPU
		{9CC18D3A-82C8-428E-B408-DE84BC07220A}.Release|Any CPU.Build.0 = Release|Any CPU
		{A0877891-00FD-49C9-8C74-BD167C78CED9}.Debug|Any CPU.ActiveCfg = Debug|Any CPU
		{A0877891-00FD-49C9-8C74-BD167C78CED9}.Debug|Any CPU.Build.0 = Debug|Any CPU
		{A0877891-00FD-49C9-8C74-BD167C78CED9}.Release|Any CPU.ActiveCfg = Release|Any CPU
		{A0877891-00FD-49C9-8C74-BD167C78CED9}.Release|Any CPU.Build.0 = Release|Any CPU
		{77FD8D72-6DC5-49E0-ADA7-96C2552D292D}.Debug|Any CPU.ActiveCfg = Debug|Any CPU
		{77FD8D72-6DC5-49E0-ADA7-96C2552D292D}.Debug|Any CPU.Build.0 = Debug|Any CPU
		{77FD8D72-6DC5-49E0-ADA7-96C2552D292D}.Release|Any CPU.ActiveCfg = Release|Any CPU
		{77FD8D72-6DC5-49E0-ADA7-96C2552D292D}.Release|Any CPU.Build.0 = Release|Any CPU
	EndGlobalSection
	GlobalSection(SolutionProperties) = preSolution
		HideSolutionNode = FALSE
	EndGlobalSection
	GlobalSection(ExtensibilityGlobals) = postSolution
		SolutionGuid = {5A6AA57F-6718-480A-851E-4A240388BCAD}
	EndGlobalSection
EndGlobal
